
Microsoft Visual Studio Solution File, Format Version 12.00
# Visual Studio Version 17
VisualStudioVersion = 17.10.34707.107
MinimumVisualStudioVersion = 10.0.40219.1
Project("{2150E333-8FDC-42A3-9474-1A3956D46DE8}") = "src", "src", "{299AA793-F9AB-48C1-83A7-C3429EBA847B}"
EndProject
Project("{2150E333-8FDC-42A3-9474-1A3956D46DE8}") = "test", "test", "{378A0D8D-CBC1-40B6-A9AC-4D3A47CAA834}"
EndProject
Project("{2150E333-8FDC-42A3-9474-1A3956D46DE8}") = "API", "API", "{284D9422-188B-4707-AC29-72DA44DF26D0}"
EndProject
Project("{2150E333-8FDC-42A3-9474-1A3956D46DE8}") = "Infrastructure", "Infrastructure", "{1F10C439-A443-450F-87FA-EB13362FDB32}"
EndProject
Project("{2150E333-8FDC-42A3-9474-1A3956D46DE8}") = "Core", "Core", "{6258C61B-002C-48A9-BB09-BA9DC4775C42}"
EndProject
Project("{2150E333-8FDC-42A3-9474-1A3956D46DE8}") = "UI", "UI", "{EB50C883-BDC6-42C8-B0DB-6BF5F9FE57CA}"
EndProject
Project("{9A19103F-16F7-4668-BE54-9A1E7A4F7556}") = "Domain", "Domain\Domain.csproj", "{BB886215-A514-40EB-8D4D-F28BBCA6BD33}"
EndProject
Project("{9A19103F-16F7-4668-BE54-9A1E7A4F7556}") = "Application", "Application\Application.csproj", "{F1F6B9F3-5307-446F-8111-058804DEA98D}"
EndProject
Project("{FAE04EC0-301F-11D3-BF4B-00C04F79EFBC}") = "Persistence", "Persistence\Persistence.csproj", "{224C26BB-3C9B-45A0-8F4B-A29A1337943F}"
EndProject
Project("{FAE04EC0-301F-11D3-BF4B-00C04F79EFBC}") = "Infrastructure", "Infrastructure\Infrastructure.csproj", "{845F714F-23C3-4A45-91C7-A782F50004A8}"
EndProject
Project("{FAE04EC0-301F-11D3-BF4B-00C04F79EFBC}") = "Api", "Api\Api.csproj", "{D34B7C84-6AFD-4118-AE00-DEA473220211}"
EndProject
Global
	GlobalSection(SolutionConfigurationPlatforms) = preSolution
		Debug|Any CPU = Debug|Any CPU
		Release|Any CPU = Release|Any CPU
	EndGlobalSection
	GlobalSection(ProjectConfigurationPlatforms) = postSolution
		{BB886215-A514-40EB-8D4D-F28BBCA6BD33}.Debug|Any CPU.ActiveCfg = Debug|Any CPU
		{BB886215-A514-40EB-8D4D-F28BBCA6BD33}.Debug|Any CPU.Build.0 = Debug|Any CPU
		{BB886215-A514-40EB-8D4D-F28BBCA6BD33}.Release|Any CPU.ActiveCfg = Release|Any CPU
		{BB886215-A514-40EB-8D4D-F28BBCA6BD33}.Release|Any CPU.Build.0 = Release|Any CPU
		{F1F6B9F3-5307-446F-8111-058804DEA98D}.Debug|Any CPU.ActiveCfg = Debug|Any CPU
		{F1F6B9F3-5307-446F-8111-058804DEA98D}.Debug|Any CPU.Build.0 = Debug|Any CPU
		{F1F6B9F3-5307-446F-8111-058804DEA98D}.Release|Any CPU.ActiveCfg = Release|Any CPU
		{F1F6B9F3-5307-446F-8111-058804DEA98D}.Release|Any CPU.Build.0 = Release|Any CPU
		{224C26BB-3C9B-45A0-8F4B-A29A1337943F}.Debug|Any CPU.ActiveCfg = Debug|Any CPU
		{224C26BB-3C9B-45A0-8F4B-A29A1337943F}.Debug|Any CPU.Build.0 = Debug|Any CPU
		{224C26BB-3C9B-45A0-8F4B-A29A1337943F}.Release|Any CPU.ActiveCfg = Release|Any CPU
		{224C26BB-3C9B-45A0-8F4B-A29A1337943F}.Release|Any CPU.Build.0 = Release|Any CPU
		{845F714F-23C3-4A45-91C7-A782F50004A8}.Debug|Any CPU.ActiveCfg = Debug|Any CPU
		{845F714F-23C3-4A45-91C7-A782F50004A8}.Debug|Any CPU.Build.0 = Debug|Any CPU
		{845F714F-23C3-4A45-91C7-A782F50004A8}.Release|Any CPU.ActiveCfg = Release|Any CPU
		{845F714F-23C3-4A45-91C7-A782F50004A8}.Release|Any CPU.Build.0 = Release|Any CPU
		{D34B7C84-6AFD-4118-AE00-DEA473220211}.Debug|Any CPU.ActiveCfg = Debug|Any CPU
		{D34B7C84-6AFD-4118-AE00-DEA473220211}.Debug|Any CPU.Build.0 = Debug|Any CPU
		{D34B7C84-6AFD-4118-AE00-DEA473220211}.Release|Any CPU.ActiveCfg = Release|Any CPU
		{D34B7C84-6AFD-4118-AE00-DEA473220211}.Release|Any CPU.Build.0 = Release|Any CPU
	EndGlobalSection
	GlobalSection(SolutionProperties) = preSolution
		HideSolutionNode = FALSE
	EndGlobalSection
	GlobalSection(NestedProjects) = preSolution
		{284D9422-188B-4707-AC29-72DA44DF26D0} = {299AA793-F9AB-48C1-83A7-C3429EBA847B}
		{1F10C439-A443-450F-87FA-EB13362FDB32} = {299AA793-F9AB-48C1-83A7-C3429EBA847B}
		{6258C61B-002C-48A9-BB09-BA9DC4775C42} = {299AA793-F9AB-48C1-83A7-C3429EBA847B}
		{EB50C883-BDC6-42C8-B0DB-6BF5F9FE57CA} = {299AA793-F9AB-48C1-83A7-C3429EBA847B}
		{BB886215-A514-40EB-8D4D-F28BBCA6BD33} = {6258C61B-002C-48A9-BB09-BA9DC4775C42}
		{F1F6B9F3-5307-446F-8111-058804DEA98D} = {6258C61B-002C-48A9-BB09-BA9DC4775C42}
		{224C26BB-3C9B-45A0-8F4B-A29A1337943F} = {1F10C439-A443-450F-87FA-EB13362FDB32}
		{845F714F-23C3-4A45-91C7-A782F50004A8} = {1F10C439-A443-450F-87FA-EB13362FDB32}
		{D34B7C84-6AFD-4118-AE00-DEA473220211} = {284D9422-188B-4707-AC29-72DA44DF26D0}
	EndGlobalSection
	GlobalSection(ExtensibilityGlobals) = postSolution
		SolutionGuid = {6A507E02-BF37-427C-ADBA-F1F65938AFE9}
	EndGlobalSection
EndGlobal
